PODS:
  - AAShareBubbles (1.1.0)
  - Alamofire (3.1.3)
  - AlamofireImage (2.1.1):
    - Alamofire (~> 3.1)
  - SwipeView (1.3.2)

DEPENDENCIES:
  - AAShareBubbles
  - Alamofire (~> 3.1.3)
  - AlamofireImage (~> 2.1.1)
  - SwipeView (~> 1.3)

SPEC CHECKSUMS:
  AAShareBubbles: 960610d6a3c4da57d7cd295f4bec68790307bce8
  Alamofire: 9f93b56389e48def9220dd57d1f44b1927229a5a
  AlamofireImage: 31f7c4e9f516183e0ef2d2da18318de28a4628b8
  SwipeView: bd67cfaf7760c036438446b3ccb28a3b84fce009

COCOAPODS: 0.39.0
