// !$*UTF8*$!
{
	archiveVersion = 1;
	classes = {
	};
	objectVersion = 46;
	objects = {

/* Begin PBXBuildFile section */
		5890ABAA1C1A4CE0004A74DC /* User.swift in Sources */ = {isa = PBXBuildFile; fileRef = 5890ABA91C1A4CE0004A74DC /* User.swift */; };
		5890ABAC1C1A8906004A74DC /* Comment.swift in Sources */ = {isa = PBXBuildFile; fileRef = 5890ABAB1C1A8906004A74DC /* Comment.swift */; };
		5890ABAE1C1A8D17004A74DC /* Interaction.swift in Sources */ = {isa = PBXBuildFile; fileRef = 5890ABAD1C1A8D17004A74DC /* Interaction.swift */; };
		589ACA471C16DD5B0030A54D /* StoryIndexViewController.swift in Sources */ = {isa = PBXBuildFile; fileRef = 589ACA461C16DD5B0030A54D /* StoryIndexViewController.swift */; };
		589ACA491C16E1200030A54D /* SLTabBarController.swift in Sources */ = {isa = PBXBuildFile; fileRef = 589ACA481C16E1200030A54D /* SLTabBarController.swift */; };
		589ACA4B1C16E3F80030A54D /* SLNavigationController.swift in Sources */ = {isa = PBXBuildFile; fileRef = 589ACA4A1C16E3F80030A54D /* SLNavigationController.swift */; };
		589ACA4E1C17F8880030A54D /* Colors.swift in Sources */ = {isa = PBXBuildFile; fileRef = 589ACA4D1C17F8880030A54D /* Colors.swift */; };
		58C42B601C1430BD00D4CCB8 /* AppDelegate.swift in Sources */ = {isa = PBXBuildFile; fileRef = 58C42B5F1C1430BD00D4CCB8 /* AppDelegate.swift */; };
		58C42B651C1430BD00D4CCB8 /* Main.storyboard in Resources */ = {isa = PBXBuildFile; fileRef = 58C42B631C1430BD00D4CCB8 /* Main.storyboard */; };
		58C42B671C1430BD00D4CCB8 /* Assets.xcassets in Resources */ = {isa = PBXBuildFile; fileRef = 58C42B661C1430BD00D4CCB8 /* Assets.xcassets */; };
		58C42B6A1C1430BD00D4CCB8 /* LaunchScreen.storyboard in Resources */ = {isa = PBXBuildFile; fileRef = 58C42B681C1430BD00D4CCB8 /* LaunchScreen.storyboard */; };
		58E4A9471C19A93F0008592E /* Story.swift in Sources */ = {isa = PBXBuildFile; fileRef = 58E4A9461C19A93F0008592E /* Story.swift */; };
		8E48828F6850D502868522EF /* Pods_storylapse.framework in Frameworks */ = {isa = PBXBuildFile; fileRef = 9D6BE209FD67D57ABFBE7798 /* Pods_storylapse.framework */; };
		994832A71C19616600DBB136 /* PhotoDetailViewController.swift in Sources */ = {isa = PBXBuildFile; fileRef = 994832A61C19616600DBB136 /* PhotoDetailViewController.swift */; };
		99EECC691C16D1A000C6B792 /* Photo.swift in Sources */ = {isa = PBXBuildFile; fileRef = 99EECC681C16D1A000C6B792 /* Photo.swift */; };
		99EECC6B1C16D1F300C6B792 /* PhotoViewController.swift in Sources */ = {isa = PBXBuildFile; fileRef = 99EECC6A1C16D1F300C6B792 /* PhotoViewController.swift */; };
		99EECC6D1C16D21700C6B792 /* PhotoView.swift in Sources */ = {isa = PBXBuildFile; fileRef = 99EECC6C1C16D21700C6B792 /* PhotoView.swift */; };
		99EECC6F1C170EDC00C6B792 /* PhotoCollectionViewCell.swift in Sources */ = {isa = PBXBuildFile; fileRef = 99EECC6E1C170EDC00C6B792 /* PhotoCollectionViewCell.swift */; };
/* End PBXBuildFile section */

/* Begin PBXFileReference section */
		1A1FE3561D03CAB96D0AA04A /* Pods-storylapse.release.xcconfig */ = {isa = PBXFileReference; includeInIndex = 1; lastKnownFileType = text.xcconfig; name = "Pods-storylapse.release.xcconfig"; path = "Pods/Target Support Files/Pods-storylapse/Pods-storylapse.release.xcconfig"; sourceTree = "<group>"; };
		5890ABA91C1A4CE0004A74DC /* User.swift */ = {isa = PBXFileReference; fileEncoding = 4; lastKnownFileType = sourcecode.swift; path = User.swift; sourceTree = "<group>"; };
		5890ABAB1C1A8906004A74DC /* Comment.swift */ = {isa = PBXFileReference; fileEncoding = 4; lastKnownFileType = sourcecode.swift; path = Comment.swift; sourceTree = "<group>"; };
		5890ABAD1C1A8D17004A74DC /* Interaction.swift */ = {isa = PBXFileReference; fileEncoding = 4; lastKnownFileType = sourcecode.swift; path = Interaction.swift; sourceTree = "<group>"; };
		589ACA461C16DD5B0030A54D /* StoryIndexViewController.swift */ = {isa = PBXFileReference; fileEncoding = 4; lastKnownFileType = sourcecode.swift; path = StoryIndexViewController.swift; sourceTree = "<group>"; };
		589ACA481C16E1200030A54D /* SLTabBarController.swift */ = {isa = PBXFileReference; fileEncoding = 4; lastKnownFileType = sourcecode.swift; path = SLTabBarController.swift; sourceTree = "<group>"; };
		589ACA4A1C16E3F80030A54D /* SLNavigationController.swift */ = {isa = PBXFileReference; fileEncoding = 4; lastKnownFileType = sourcecode.swift; path = SLNavigationController.swift; sourceTree = "<group>"; };
		589ACA4D1C17F8880030A54D /* Colors.swift */ = {isa = PBXFileReference; fileEncoding = 4; lastKnownFileType = sourcecode.swift; path = Colors.swift; sourceTree = "<group>"; };
		58C42B5C1C1430BC00D4CCB8 /* storylapse.app */ = {isa = PBXFileReference; explicitFileType = wrapper.application; includeInIndex = 0; path = storylapse.app; sourceTree = BUILT_PRODUCTS_DIR; };
		58C42B5F1C1430BD00D4CCB8 /* AppDelegate.swift */ = {isa = PBXFileReference; lastKnownFileType = sourcecode.swift; path = AppDelegate.swift; sourceTree = "<group>"; };
		58C42B641C1430BD00D4CCB8 /* Base */ = {isa = PBXFileReference; lastKnownFileType = file.storyboard; name = Base; path = Base.lproj/Main.storyboard; sourceTree = "<group>"; };
		58C42B661C1430BD00D4CCB8 /* Assets.xcassets */ = {isa = PBXFileReference; lastKnownFileType = folder.assetcatalog; path = Assets.xcassets; sourceTree = "<group>"; };
		58C42B691C1430BD00D4CCB8 /* Base */ = {isa = PBXFileReference; lastKnownFileType = file.storyboard; name = Base; path = Base.lproj/LaunchScreen.storyboard; sourceTree = "<group>"; };
		58C42B6B1C1430BD00D4CCB8 /* Info.plist */ = {isa = PBXFileReference; lastKnownFileType = text.plist.xml; path = Info.plist; sourceTree = "<group>"; };
		58E4A9461C19A93F0008592E /* Story.swift */ = {isa = PBXFileReference; fileEncoding = 4; lastKnownFileType = sourcecode.swift; path = Story.swift; sourceTree = "<group>"; };
		994832A61C19616600DBB136 /* PhotoDetailViewController.swift */ = {isa = PBXFileReference; fileEncoding = 4; lastKnownFileType = sourcecode.swift; path = PhotoDetailViewController.swift; sourceTree = "<group>"; };
		99EECC681C16D1A000C6B792 /* Photo.swift */ = {isa = PBXFileReference; fileEncoding = 4; lastKnownFileType = sourcecode.swift; path = Photo.swift; sourceTree = "<group>"; };
		99EECC6A1C16D1F300C6B792 /* PhotoViewController.swift */ = {isa = PBXFileReference; fileEncoding = 4; lastKnownFileType = sourcecode.swift; path = PhotoViewController.swift; sourceTree = "<group>"; };
		99EECC6C1C16D21700C6B792 /* PhotoView.swift */ = {isa = PBXFileReference; fileEncoding = 4; lastKnownFileType = sourcecode.swift; path = PhotoView.swift; sourceTree = "<group>"; };
		99EECC6E1C170EDC00C6B792 /* PhotoCollectionViewCell.swift */ = {isa = PBXFileReference; fileEncoding = 4; lastKnownFileType = sourcecode.swift; path = PhotoCollectionViewCell.swift; sourceTree = "<group>"; };
		9D6BE209FD67D57ABFBE7798 /* Pods_storylapse.framework */ = {isa = PBXFileReference; explicitFileType = wrapper.framework; includeInIndex = 0; path = Pods_storylapse.framework; sourceTree = BUILT_PRODUCTS_DIR; };
		E5D872D0D4C336A457BF5341 /* Pods-storylapse.debug.xcconfig */ = {isa = PBXFileReference; includeInIndex = 1; lastKnownFileType = text.xcconfig; name = "Pods-storylapse.debug.xcconfig"; path = "Pods/Target Support Files/Pods-storylapse/Pods-storylapse.debug.xcconfig"; sourceTree = "<group>"; };
/* End PBXFileReference section */

/* Begin PBXFrameworksBuildPhase section */
		58C42B591C1430BC00D4CCB8 /* Frameworks */ = {
			isa = PBXFrameworksBuildPhase;
			buildActionMask = 2147483647;
			files = (
				8E48828F6850D502868522EF /* Pods_storylapse.framework in Frameworks */,
			);
			runOnlyForDeploymentPostprocessing = 0;
		};
/* End PBXFrameworksBuildPhase section */

/* Begin PBXGroup section */
		279153A42028FFFCD47A9951 /* Frameworks */ = {
			isa = PBXGroup;
			children = (
				9D6BE209FD67D57ABFBE7798 /* Pods_storylapse.framework */,
			);
			name = Frameworks;
			sourceTree = "<group>";
		};
		589ACA4C1C17F87D0030A54D /* Constants */ = {
			isa = PBXGroup;
			children = (
				589ACA4D1C17F8880030A54D /* Colors.swift */,
			);
			name = Constants;
			sourceTree = "<group>";
		};
		58C42B531C1430BC00D4CCB8 = {
			isa = PBXGroup;
			children = (
				58C42B5E1C1430BC00D4CCB8 /* storylapse */,
				58C42B5D1C1430BC00D4CCB8 /* Products */,
				EDB98C2D3E8A72879B7A2C2A /* Pods */,
				279153A42028FFFCD47A9951 /* Frameworks */,
			);
			sourceTree = "<group>";
		};
		58C42B5D1C1430BC00D4CCB8 /* Products */ = {
			isa = PBXGroup;
			children = (
				58C42B5C1C1430BC00D4CCB8 /* storylapse.app */,
			);
			name = Products;
			sourceTree = "<group>";
		};
		58C42B5E1C1430BC00D4CCB8 /* storylapse */ = {
			isa = PBXGroup;
			children = (
				589ACA4C1C17F87D0030A54D /* Constants */,
				99EECC651C16D18400C6B792 /* Controllers */,
				99EECC661C16D18400C6B792 /* Models */,
				99EECC671C16D18400C6B792 /* Views */,
				58C42B5F1C1430BD00D4CCB8 /* AppDelegate.swift */,
				58C42B631C1430BD00D4CCB8 /* Main.storyboard */,
				58C42B661C1430BD00D4CCB8 /* Assets.xcassets */,
				58C42B681C1430BD00D4CCB8 /* LaunchScreen.storyboard */,
				58C42B6B1C1430BD00D4CCB8 /* Info.plist */,
			);
			path = storylapse;
			sourceTree = "<group>";
		};
		99EECC651C16D18400C6B792 /* Controllers */ = {
			isa = PBXGroup;
			children = (
				99EECC6A1C16D1F300C6B792 /* PhotoViewController.swift */,
				589ACA461C16DD5B0030A54D /* StoryIndexViewController.swift */,
				589ACA481C16E1200030A54D /* SLTabBarController.swift */,
				589ACA4A1C16E3F80030A54D /* SLNavigationController.swift */,
				994832A61C19616600DBB136 /* PhotoDetailViewController.swift */,
			);
			path = Controllers;
			sourceTree = "<group>";
		};
		99EECC661C16D18400C6B792 /* Models */ = {
			isa = PBXGroup;
			children = (
				99EECC681C16D1A000C6B792 /* Photo.swift */,
				58E4A9461C19A93F0008592E /* Story.swift */,
				5890ABA91C1A4CE0004A74DC /* User.swift */,
				5890ABAB1C1A8906004A74DC /* Comment.swift */,
				5890ABAD1C1A8D17004A74DC /* Interaction.swift */,
			);
			path = Models;
			sourceTree = "<group>";
		};
		99EECC671C16D18400C6B792 /* Views */ = {
			isa = PBXGroup;
			children = (
				99EECC6C1C16D21700C6B792 /* PhotoView.swift */,
				99EECC6E1C170EDC00C6B792 /* PhotoCollectionViewCell.swift */,
			);
			path = Views;
			sourceTree = "<group>";
		};
		EDB98C2D3E8A72879B7A2C2A /* Pods */ = {
			isa = PBXGroup;
			children = (
				E5D872D0D4C336A457BF5341 /* Pods-storylapse.debug.xcconfig */,
				1A1FE3561D03CAB96D0AA04A /* Pods-storylapse.release.xcconfig */,
			);
			name = Pods;
			sourceTree = "<group>";
		};
/* End PBXGroup section */

/* Begin PBXNativeTarget section */
		58C42B5B1C1430BC00D4CCB8 /* storylapse */ = {
			isa = PBXNativeTarget;
			buildConfigurationList = 58C42B6E1C1430BD00D4CCB8 /* Build configuration list for PBXNativeTarget "storylapse" */;
			buildPhases = (
				215118736CA773A6A5C91053 /* Check Pods Manifest.lock */,
				58C42B581C1430BC00D4CCB8 /* Sources */,
				58C42B591C1430BC00D4CCB8 /* Frameworks */,
				58C42B5A1C1430BC00D4CCB8 /* Resources */,
				C7F78DF642583A770838D579 /* Embed Pods Frameworks */,
				800FCCBB64824EBBFE51D945 /* Copy Pods Resources */,
			);
			buildRules = (
			);
			dependencies = (
			);
			name = storylapse;
			productName = storylapse;
			productReference = 58C42B5C1C1430BC00D4CCB8 /* storylapse.app */;
			productType = "com.apple.product-type.application";
		};
/* End PBXNativeTarget section */

/* Begin PBXProject section */
		58C42B541C1430BC00D4CCB8 /* Project object */ = {
			isa = PBXProject;
			attributes = {
				LastSwiftUpdateCheck = 0710;
				LastUpgradeCheck = 0710;
				ORGANIZATIONNAME = "Lê Quang Bửu";
				TargetAttributes = {
					58C42B5B1C1430BC00D4CCB8 = {
						CreatedOnToolsVersion = 7.1;
					};
				};
			};
			buildConfigurationList = 58C42B571C1430BC00D4CCB8 /* Build configuration list for PBXProject "storylapse" */;
			compatibilityVersion = "Xcode 3.2";
			developmentRegion = English;
			hasScannedForEncodings = 0;
			knownRegions = (
				en,
				Base,
			);
			mainGroup = 58C42B531C1430BC00D4CCB8;
			productRefGroup = 58C42B5D1C1430BC00D4CCB8 /* Products */;
			projectDirPath = "";
			projectRoot = "";
			targets = (
				58C42B5B1C1430BC00D4CCB8 /* storylapse */,
			);
		};
/* End PBXProject section */

/* Begin PBXResourcesBuildPhase section */
		58C42B5A1C1430BC00D4CCB8 /* Resources */ = {
			isa = PBXResourcesBuildPhase;
			buildActionMask = 2147483647;
			files = (
				58C42B6A1C1430BD00D4CCB8 /* LaunchScreen.storyboard in Resources */,
				58C42B671C1430BD00D4CCB8 /* Assets.xcassets in Resources */,
				58C42B651C1430BD00D4CCB8 /* Main.storyboard in Resources */,
			);
			runOnlyForDeploymentPostprocessing = 0;
		};
/* End PBXResourcesBuildPhase section */

/* Begin PBXShellScriptBuildPhase section */
		215118736CA773A6A5C91053 /* Check Pods Manifest.lock */ = {
			isa = PBXShellScriptBuildPhase;
			buildActionMask = 2147483647;
			files = (
			);
			inputPaths = (
			);
			name = "Check Pods Manifest.lock";
			outputPaths = (
			);
			runOnlyForDeploymentPostprocessing = 0;
			shellPath = /bin/sh;
			shellScript = "diff \"${PODS_ROOT}/../Podfile.lock\" \"${PODS_ROOT}/Manifest.lock\" > /dev/null\nif [[ $? != 0 ]] ; then\n    cat << EOM\nerror: The sandbox is not in sync with the Podfile.lock. Run 'pod install' or update your CocoaPods installation.\nEOM\n    exit 1\nfi\n";
			showEnvVarsInLog = 0;
		};
		800FCCBB64824EBBFE51D945 /* Copy Pods Resources */ = {
			isa = PBXShellScriptBuildPhase;
			buildActionMask = 2147483647;
			files = (
			);
			inputPaths = (
			);
			name = "Copy Pods Resources";
			outputPaths = (
			);
			runOnlyForDeploymentPostprocessing = 0;
			shellPath = /bin/sh;
			shellScript = "\"${SRCROOT}/Pods/Target Support Files/Pods-storylapse/Pods-storylapse-resources.sh\"\n";
			showEnvVarsInLog = 0;
		};
		C7F78DF642583A770838D579 /* Embed Pods Frameworks */ = {
			isa = PBXShellScriptBuildPhase;
			buildActionMask = 2147483647;
			files = (
			);
			inputPaths = (
			);
			name = "Embed Pods Frameworks";
			outputPaths = (
			);
			runOnlyForDeploymentPostprocessing = 0;
			shellPath = /bin/sh;
			shellScript = "\"${SRCROOT}/Pods/Target Support Files/Pods-storylapse/Pods-storylapse-frameworks.sh\"\n";
			showEnvVarsInLog = 0;
		};
/* End PBXShellScriptBuildPhase section */

/* Begin PBXSourcesBuildPhase section */
		58C42B581C1430BC00D4CCB8 /* Sources */ = {
			isa = PBXSourcesBuildPhase;
			buildActionMask = 2147483647;
			files = (
				99EECC691C16D1A000C6B792 /* Photo.swift in Sources */,
				589ACA4E1C17F8880030A54D /* Colors.swift in Sources */,
				99EECC6F1C170EDC00C6B792 /* PhotoCollectionViewCell.swift in Sources */,
				99EECC6B1C16D1F300C6B792 /* PhotoViewController.swift in Sources */,
				589ACA471C16DD5B0030A54D /* StoryIndexViewController.swift in Sources */,
				58C42B601C1430BD00D4CCB8 /* AppDelegate.swift in Sources */,
				589ACA491C16E1200030A54D /* SLTabBarController.swift in Sources */,
				589ACA4B1C16E3F80030A54D /* SLNavigationController.swift in Sources */,
				5890ABAE1C1A8D17004A74DC /* Interaction.swift in Sources */,
				5890ABAC1C1A8906004A74DC /* Comment.swift in Sources */,
				5890ABAA1C1A4CE0004A74DC /* User.swift in Sources */,
				994832A71C19616600DBB136 /* PhotoDetailViewController.swift in Sources */,
				99EECC6D1C16D21700C6B792 /* PhotoView.swift in Sources */,
				58E4A9471C19A93F0008592E /* Story.swift in Sources */,
			);
			runOnlyForDeploymentPostprocessing = 0;
		};
/* End PBXSourcesBuildPhase section */

/* Begin PBXVariantGroup section */
		58C42B631C1430BD00D4CCB8 /* Main.storyboard */ = {
			isa = PBXVariantGroup;
			children = (
				58C42B641C1430BD00D4CCB8 /* Base */,
			);
			name = Main.storyboard;
			sourceTree = "<group>";
		};
		58C42B681C1430BD00D4CCB8 /* LaunchScreen.storyboard */ = {
			isa = PBXVariantGroup;
			children = (
				58C42B691C1430BD00D4CCB8 /* Base */,
			);
			name = LaunchScreen.storyboard;
			sourceTree = "<group>";
		};
/* End PBXVariantGroup section */

/* Begin XCBuildConfiguration section */
		58C42B6C1C1430BD00D4CCB8 /* Debug */ = {
			isa = XCBuildConfiguration;
			buildSettings = {
				ALWAYS_SEARCH_USER_PATHS = NO;
				CLANG_CXX_LANGUAGE_STANDARD = "gnu++0x";
				CLANG_CXX_LIBRARY = "libc++";
				CLANG_ENABLE_MODULES = YES;
				CLANG_ENABLE_OBJC_ARC = YES;
				CLANG_WARN_BOOL_CONVERSION = YES;
				CLANG_WARN_CONSTANT_CONVERSION = YES;
				CLANG_WARN_DIRECT_OBJC_ISA_USAGE = YES_ERROR;
				CLANG_WARN_EMPTY_BODY = YES;
				CLANG_WARN_ENUM_CONVERSION = YES;
				CLANG_WARN_INT_CONVERSION = YES;
				CLANG_WARN_OBJC_ROOT_CLASS = YES_ERROR;
				CLANG_WARN_UNREACHABLE_CODE = YES;
				CLANG_WARN__DUPLICATE_METHOD_MATCH = YES;
				"CODE_SIGN_IDENTITY[sdk=iphoneos*]" = "iPhone Developer";
				COPY_PHASE_STRIP = NO;
				DEBUG_INFORMATION_FORMAT = dwarf;
				ENABLE_STRICT_OBJC_MSGSEND = YES;
				ENABLE_TESTABILITY = YES;
				GCC_C_LANGUAGE_STANDARD = gnu99;
				GCC_DYNAMIC_NO_PIC = NO;
				GCC_NO_COMMON_BLOCKS = YES;
				GCC_OPTIMIZATION_LEVEL = 0;
				GCC_PREPROCESSOR_DEFINITIONS = (
					"DEBUG=1",
					"$(inherited)",
				);
				GCC_WARN_64_TO_32_BIT_CONVERSION = YES;
				GCC_WARN_ABOUT_RETURN_TYPE = YES_ERROR;
				GCC_WARN_UNDECLARED_SELECTOR = YES;
				GCC_WARN_UNINITIALIZED_AUTOS = YES_AGGRESSIVE;
				GCC_WARN_UNUSED_FUNCTION = YES;
				GCC_WARN_UNUSED_VARIABLE = YES;
				IPHONEOS_DEPLOYMENT_TARGET = 9.1;
				MTL_ENABLE_DEBUG_INFO = YES;
				ONLY_ACTIVE_ARCH = YES;
				SDKROOT = iphoneos;
				SWIFT_OPTIMIZATION_LEVEL = "-Onone";
			};
			name = Debug;
		};
		58C42B6D1C1430BD00D4CCB8 /* Release */ = {
			isa = XCBuildConfiguration;
			buildSettings = {
				ALWAYS_SEARCH_USER_PATHS = NO;
				CLANG_CXX_LANGUAGE_STANDARD = "gnu++0x";
				CLANG_CXX_LIBRARY = "libc++";
				CLANG_ENABLE_MODULES = YES;
				CLANG_ENABLE_OBJC_ARC = YES;
				CLANG_WARN_BOOL_CONVERSION = YES;
				CLANG_WARN_CONSTANT_CONVERSION = YES;
				CLANG_WARN_DIRECT_OBJC_ISA_USAGE = YES_ERROR;
				CLANG_WARN_EMPTY_BODY = YES;
				CLANG_WARN_ENUM_CONVERSION = YES;
				CLANG_WARN_INT_CONVERSION = YES;
				CLANG_WARN_OBJC_ROOT_CLASS = YES_ERROR;
				CLANG_WARN_UNREACHABLE_CODE = YES;
				CLANG_WARN__DUPLICATE_METHOD_MATCH = YES;
				"CODE_SIGN_IDENTITY[sdk=iphoneos*]" = "iPhone Developer";
				COPY_PHASE_STRIP = NO;
				DEBUG_INFORMATION_FORMAT = "dwarf-with-dsym";
				ENABLE_NS_ASSERTIONS = NO;
				ENABLE_STRICT_OBJC_MSGSEND = YES;
				GCC_C_LANGUAGE_STANDARD = gnu99;
				GCC_NO_COMMON_BLOCKS = YES;
				GCC_WARN_64_TO_32_BIT_CONVERSION = YES;
				GCC_WARN_ABOUT_RETURN_TYPE = YES_ERROR;
				GCC_WARN_UNDECLARED_SELECTOR = YES;
				GCC_WARN_UNINITIALIZED_AUTOS = YES_AGGRESSIVE;
				GCC_WARN_UNUSED_FUNCTION = YES;
				GCC_WARN_UNUSED_VARIABLE = YES;
				IPHONEOS_DEPLOYMENT_TARGET = 9.1;
				MTL_ENABLE_DEBUG_INFO = NO;
				SDKROOT = iphoneos;
				VALIDATE_PRODUCT = YES;
			};
			name = Release;
		};
		58C42B6F1C1430BD00D4CCB8 /* Debug */ = {
			isa = XCBuildConfiguration;
			baseConfigurationReference = E5D872D0D4C336A457BF5341 /* Pods-storylapse.debug.xcconfig */;
			buildSettings = {
				ASSETCATALOG_COMPILER_APPICON_NAME = AppIcon;
				INFOPLIST_FILE = storylapse/Info.plist;
				LD_RUNPATH_SEARCH_PATHS = "$(inherited) @executable_path/Frameworks";
				PRODUCT_BUNDLE_IDENTIFIER = com.example.storylapse;
				PRODUCT_NAME = "$(TARGET_NAME)";
			};
			name = Debug;
		};
		58C42B701C1430BD00D4CCB8 /* Release */ = {
			isa = XCBuildConfiguration;
			baseConfigurationReference = 1A1FE3561D03CAB96D0AA04A /* Pods-storylapse.release.xcconfig */;
			buildSettings = {
				ASSETCATALOG_COMPILER_APPICON_NAME = AppIcon;
				INFOPLIST_FILE = storylapse/Info.plist;
				LD_RUNPATH_SEARCH_PATHS = "$(inherited) @executable_path/Frameworks";
				PRODUCT_BUNDLE_IDENTIFIER = com.example.storylapse;
				PRODUCT_NAME = "$(TARGET_NAME)";
			};
			name = Release;
		};
/* End XCBuildConfiguration section */

/* Begin XCConfigurationList section */
		58C42B571C1430BC00D4CCB8 /* Build configuration list for PBXProject "storylapse" */ = {
			isa = XCConfigurationList;
			buildConfigurations = (
				58C42B6C1C1430BD00D4CCB8 /* Debug */,
				58C42B6D1C1430BD00D4CCB8 /* Release */,
			);
			defaultConfigurationIsVisible = 0;
			defaultConfigurationName = Release;
		};
		58C42B6E1C1430BD00D4CCB8 /* Build configuration list for PBXNativeTarget "storylapse" */ = {
			isa = XCConfigurationList;
			buildConfigurations = (
				58C42B6F1C1430BD00D4CCB8 /* Debug */,
				58C42B701C1430BD00D4CCB8 /* Release */,
			);
			defaultConfigurationIsVisible = 0;
			defaultConfigurationName = Release;
		};
/* End XCConfigurationList section */
	};
	rootObject = 58C42B541C1430BC00D4CCB8 /* Project object */;
}
